Microsoft Visual Studio Solution File, Format Version 12.00
# Visual Studio Version 17
VisualStudioVersion = 17.14.36717.8
MinimumVisualStudioVersion = 10.0.40219.1
Project("{FAE04EC0-301F-11D3-BF4B-00C04F79EFBC}") = "GCodeGenerator", "GCodeGenerator\GCodeGenerator.csproj", "{8BB38985-C017-4E38-AA2A-8DC3B30E3479}"
EndProject
Project("{FAE04EC0-301F-11D3-BF4B-00C04F79EFBC}") = "GCodeGenerator.Tests", "GCodeGenerator.Tests\GCodeGenerator.Tests.csproj", "{43E8B5AC-154C-4DF5-8B10-22DA3413DA5D}"
EndProject
Project("{FAE04EC0-301F-11D3-BF4B-00C04F79EFBC}") = "GCodeGenerator.Core", "GCodeGenerator.Core\GCodeGenerator.Core.csproj", "{F064B360-9F95-4DE7-B37C-285D074BFA0C}"
EndProject
Global
	GlobalSection(SolutionConfigurationPlatforms) = preSolution
		Debug|Any CPU = Debug|Any CPU
		Release|Any CPU = Release|Any CPU
	EndGlobalSection
	GlobalSection(ProjectConfigurationPlatforms) = postSolution
		{8BB38985-C017-4E38-AA2A-8DC3B30E3479}.Debug|Any CPU.ActiveCfg = Debug|Any CPU
		{8BB38985-C017-4E38-AA2A-8DC3B30E3479}.Debug|Any CPU.Build.0 = Debug|Any CPU
		{8BB38985-C017-4E38-AA2A-8DC3B30E3479}.Release|Any CPU.ActiveCfg = Release|Any CPU
		{8BB38985-C017-4E38-AA2A-8DC3B30E3479}.Release|Any CPU.Build.0 = Release|Any CPU
		{43E8B5AC-154C-4DF5-8B10-22DA3413DA5D}.Debug|Any CPU.ActiveCfg = Debug|Any CPU
		{43E8B5AC-154C-4DF5-8B10-22DA3413DA5D}.Debug|Any CPU.Build.0 = Debug|Any CPU
		{43E8B5AC-154C-4DF5-8B10-22DA3413DA5D}.Release|Any CPU.ActiveCfg = Release|Any CPU
		{43E8B5AC-154C-4DF5-8B10-22DA3413DA5D}.Release|Any CPU.Build.0 = Release|Any CPU
		{F064B360-9F95-4DE7-B37C-285D074BFA0C}.Debug|Any CPU.ActiveCfg = Debug|Any CPU
		{F064B360-9F95-4DE7-B37C-285D074BFA0C}.Debug|Any CPU.Build.0 = Debug|Any CPU
		{F064B360-9F95-4DE7-B37C-285D074BFA0C}.Release|Any CPU.ActiveCfg = Release|Any CPU
		{F064B360-9F95-4DE7-B37C-285D074BFA0C}.Release|Any CPU.Build.0 = Release|Any CPU
	EndGlobalSection
	GlobalSection(SolutionProperties) = preSolution
		HideSolutionNode = FALSE
	EndGlobalSection
	GlobalSection(ExtensibilityGlobals) = postSolution
		SolutionGuid = {C4263E97-58C6-433F-A336-0E21A5C65344}
	EndGlobalSection
EndGlobal
