{
  "version": 1,
  "dependencies": {
    "net10.0-windows7.0": {
      "Autofac": {
        "type": "Direct",
        "requested": "[9.3.2, )",
        "resolved": "9.3.2",
        "contentHash": "an3dLpmXWvb2aBP5qyA7GVEcXhoG+W/EtFRa3sBYzJdXSNDnB0aoeo4MgOQru0G5sjNDGYM3D3CnBzNFXEVOOA=="
      },
      "CommunityToolkit.Mvvm": {
        "type": "Direct",
        "requested": "[8.4.2, )",
        "resolved": "8.4.2",
        "contentHash": "WadCzGEc2U+3e20avRLng4qNtt4zoOGWrdUISqJWrHe3/FSnrYjuM5Sb4yQb09LhkBXrrI4Zt3dLKgRMbItsrg=="
      },
      "ControlzEx": {
        "type": "Direct",
        "requested": "[7.0.4, )",
        "resolved": "7.0.4",
        "contentHash": "IDSQItUCLC8hhI6VXaAHA8WWKmlRBYC/f+fG2YKGUyIMYi477Enr6IROc48MikyONDrbjr4MtWT5Zhk+N+1dEg==",
        "dependencies": {
          "Microsoft.Xaml.Behaviors.Wpf": "1.1.135"
        }
      },
      "MahApps.Metro": {
        "type": "Direct",
        "requested": "[2.4.11, )",
        "resolved": "2.4.11",
        "contentHash": "pvk757N/ViZy+zlbB56AakryuZkts328M6pX2mMn/Z7r5ifkScDrS300zSBjLd+eGOPeHgUjH4f7cZbRiMyvQg==",
        "dependencies": {
          "ControlzEx": "[4.4.0, 6.0.0)"
        }
      },
      "Microsoft.Xaml.Behaviors.Wpf": {
        "type": "Direct",
        "requested": "[1.1.142, )",
        "resolved": "1.1.142",
        "contentHash": "c47wA/8GHiQ9w+O6+mdqrZhZrxHogx2/fSZyRKL9tz0k+ypoTiwOx6fID0X3jr5LnCazJbCk7KiAcL0zVnNgNA=="
      },
      "Clipper2": {
        "type": "Transitive",
        "resolved": "2.0.0",
        "contentHash": "2X23RZxJrjRjOSZc20aqXY9jpmHLekDRy4PIMfrsi2LPNzxFYlnuqzX/nLdk77fbURHUeX+gMhUn2a1z9/wMTQ=="
      },
      "netDxf": {
        "type": "Transitive",
        "resolved": "2023.11.10",
        "contentHash": "7BFtw6P5Zfli59HJJ3INq6InaWzgNnC7qQopP+5H8CUg/7FjUX0qG63kLLPplOy1sZSjnwGzAPEjk67g1O7LuQ=="
      },
      "gcodegenerator.core": {
        "type": "Project",
        "dependencies": {
          "Clipper2": "[2.0.0, )",
          "CommunityToolkit.Mvvm": "[8.4.2, )",
          "netDxf": "[2023.11.10, )"
        }
      }
    },
    "net10.0-windows7.0/win-x64": {}
  }
}